
Microsoft Visual Studio Solution File, Format Version 12.00
# Visual Studio Version 17
VisualStudioVersion = 17.9.34728.123
MinimumVisualStudioVersion = 10.0.40219.1
Project("{FAE04EC0-301F-11D3-BF4B-00C04F79EFBC}") = "Task_Tracker_CLI", "Task_Tracker_CLI\Task_Tracker_CLI.csproj", "{431B0A67-B98E-4B49-ADDA-3CD7554C0165}"
EndProject
Global
	GlobalSection(SolutionConfigurationPlatforms) = preSolution
		Debug|Any CPU = Debug|Any CPU
		Release|Any CPU = Release|Any CPU
	EndGlobalSection
	GlobalSection(ProjectConfigurationPlatforms) = postSolution
		{431B0A67-B98E-4B49-ADDA-3CD7554C0165}.Debug|Any CPU.ActiveCfg = Debug|Any CPU
		{431B0A67-B98E-4B49-ADDA-3CD7554C0165}.Debug|Any CPU.Build.0 = Debug|Any CPU
		{431B0A67-B98E-4B49-ADDA-3CD7554C0165}.Release|Any CPU.ActiveCfg = Release|Any CPU
		{431B0A67-B98E-4B49-ADDA-3CD7554C0165}.Release|Any CPU.Build.0 = Release|Any CPU
	EndGlobalSection
	GlobalSection(SolutionProperties) = preSolution
		HideSolutionNode = FALSE
	EndGlobalSection
	GlobalSection(ExtensibilityGlobals) = postSolution
		SolutionGuid = {392E2572-875B-4478-A0E9-DFF18D7358CE}
	EndGlobalSection
EndGlobal
